// !$*UTF8*$!
{
	archiveVersion = 1;
	classes = {
	};
	objectVersion = 46;
	objects = {

/* Begin PBXBuildFile section */
		923AED7F1DBA718E006B9F6E /* AppDelegate.swift in Sources */ = {isa = PBXBuildFile; fileRef = 923AED7E1DBA718E006B9F6E /* AppDelegate.swift */; };
		923AED811DBA718E006B9F6E /* ViewController.swift in Sources */ = {isa = PBXBuildFile; fileRef = 923AED801DBA718E006B9F6E /* ViewController.swift */; };
		923AED841DBA718E006B9F6E /* Main.storyboard in Resources */ = {isa = PBXBuildFile; fileRef = 923AED821DBA718E006B9F6E /* Main.storyboard */; };
		923AED861DBA718E006B9F6E /* Assets.xcassets in Resources */ = {isa = PBXBuildFile; fileRef = 923AED851DBA718E006B9F6E /* Assets.xcassets */; };
		923AED891DBA718E006B9F6E /* LaunchScreen.storyboard in Resources */ = {isa = PBXBuildFile; fileRef = 923AED871DBA718E006B9F6E /* LaunchScreen.storyboard */; };
		923AED941DBA718E006B9F6E /* MySwiftProjectTests.swift in Sources */ = {isa = PBXBuildFile; fileRef = 923AED931DBA718E006B9F6E /* MySwiftProjectTests.swift */; };
		923AED9F1DBA718F006B9F6E /* MySwiftProjectUITests.swift in Sources */ = {isa = PBXBuildFile; fileRef = 923AED9E1DBA718F006B9F6E /* MySwiftProjectUITests.swift */; };
/* End PBXBuildFile section */

/* Begin PBXContainerItemProxy section */
		923AED901DBA718E006B9F6E /* PBXContainerItemProxy */ = {
			isa = PBXContainerItemProxy;
			containerPortal = 923AED731DBA718E006B9F6E /* Project object */;
			proxyType = 1;
			remoteGlobalIDString = 923AED7A1DBA718E006B9F6E;
			remoteInfo = MySwiftProject;
		};
		923AED9B1DBA718F006B9F6E /* PBXContainerItemProxy */ = {
			isa = PBXContainerItemProxy;
			containerPortal = 923AED731DBA718E006B9F6E /* Project object */;
			proxyType = 1;
			remoteGlobalIDString = 923AED7A1DBA718E006B9F6E;
			remoteInfo = MySwiftProject;
		};
/* End PBXContainerItemProxy section */

/* Begin PBXFileReference section */
		923AED7B1DBA718E006B9F6E /* MySwiftProject.app */ = {isa = PBXFileReference; explicitFileType = wrapper.application; includeInIndex = 0; path = MySwiftProject.app; sourceTree = BUILT_PRODUCTS_DIR; };
		923AED7E1DBA718E006B9F6E /* AppDelegate.swift */ = {isa = PBXFileReference; lastKnownFileType = sourcecode.swift; path = AppDelegate.swift; sourceTree = "<group>"; };
		923AED801DBA718E006B9F6E /* ViewController.swift */ = {isa = PBXFileReference; lastKnownFileType = sourcecode.swift; path = ViewController.swift; sourceTree = "<group>"; };
		923AED831DBA718E006B9F6E /* Base */ = {isa = PBXFileReference; lastKnownFileType = file.storyboard; name = Base; path = Base.lproj/Main.storyboard; sourceTree = "<group>"; };
		923AED851DBA718E006B9F6E /* Assets.xcassets */ = {isa = PBXFileReference; lastKnownFileType = folder.assetcatalog; path = Assets.xcassets; sourceTree = "<group>"; };
		923AED881DBA718E006B9F6E /* Base */ = {isa = PBXFileReference; lastKnownFileType = file.storyboard; name = Base; path = Base.lproj/LaunchScreen.storyboard; sourceTree = "<group>"; };
		923AED8A1DBA718E006B9F6E /* Info.plist */ = {isa = PBXFileReference; lastKnownFileType = text.plist.xml; path = Info.plist; sourceTree = "<group>"; };
		923AED8F1DBA718E006B9F6E /* MySwiftProjectTests.xctest */ = {isa = PBXFileReference; explicitFileType = wrapper.cfbundle; includeInIndex = 0; path = MySwiftProjectTests.xctest; sourceTree = BUILT_PRODUCTS_DIR; };
		923AED931DBA718E006B9F6E /* MySwiftProjectTests.swift */ = {isa = PBXFileReference; lastKnownFileType = sourcecode.swift; path = MySwiftProjectTests.swift; sourceTree = "<group>"; };
		923AED951DBA718E006B9F6E /* Info.plist */ = {isa = PBXFileReference; lastKnownFileType = text.plist.xml; path = Info.plist; sourceTree = "<group>"; };
		923AED9A1DBA718F006B9F6E /* MySwiftProjectUITests.xctest */ = {isa = PBXFileReference; explicitFileType = wrapper.cfbundle; includeInIndex = 0; path = MySwiftProjectUITests.xctest; sourceTree = BUILT_PRODUCTS_DIR; };
		923AED9E1DBA718F006B9F6E /* MySwiftProjectUITests.swift */ = {isa = PBXFileReference; lastKnownFileType = sourcecode.swift; path = MySwiftProjectUITests.swift; sourceTree = "<group>"; };
		923AEDA01DBA718F006B9F6E /* Info.plist */ = {isa = PBXFileReference; lastKnownFileType = text.plist.xml; path = Info.plist; sourceTree = "<group>"; };
		92EA2DA31DBAFF5B00F300AC /* Fail mark.h */ = {isa = PBXFileReference; lastKnownFileType = sourcecode.c.h; path = "Fail mark.h"; sourceTree = "<group>"; };
/* End PBXFileReference section */

/* Begin PBXFrameworksBuildPhase section */
		923AED781DBA718E006B9F6E /* Frameworks */ = {
			isa = PBXFrameworksBuildPhase;
			buildActionMask = 2147483647;
			files = (
			);
			runOnlyForDeploymentPostprocessing = 0;
		};
		923AED8C1DBA718E006B9F6E /* Frameworks */ = {
			isa = PBXFrameworksBuildPhase;
			buildActionMask = 2147483647;
			files = (
			);
			runOnlyForDeploymentPostprocessing = 0;
		};
		923AED971DBA718F006B9F6E /* Frameworks */ = {
			isa = PBXFrameworksBuildPhase;
			buildActionMask = 2147483647;
			files = (
			);
			runOnlyForDeploymentPostprocessing = 0;
		};
/* End PBXFrameworksBuildPhase section */

/* Begin PBXGroup section */
		923AED721DBA718E006B9F6E = {
			isa = PBXGroup;
			children = (
				923AED7D1DBA718E006B9F6E /* MySwiftProject */,
				923AED921DBA718E006B9F6E /* MySwiftProjectTests */,
				923AED9D1DBA718F006B9F6E /* MySwiftProjectUITests */,
				923AED7C1DBA718E006B9F6E /* Products */,
			);
			sourceTree = "<group>";
		};
		923AED7C1DBA718E006B9F6E /* Products */ = {
			isa = PBXGroup;
			children = (
				923AED7B1DBA718E006B9F6E /* MySwiftProject.app */,
				923AED8F1DBA718E006B9F6E /* MySwiftProjectTests.xctest */,
				923AED9A1DBA718F006B9F6E /* MySwiftProjectUITests.xctest */,
			);
			name = Products;
			sourceTree = "<group>";
		};
		923AED7D1DBA718E006B9F6E /* MySwiftProject */ = {
			isa = PBXGroup;
			children = (
				92EA2DA31DBAFF5B00F300AC /* Fail mark.h */,
				923AED7E1DBA718E006B9F6E /* AppDelegate.swift */,
				923AED801DBA718E006B9F6E /* ViewController.swift */,
				923AED821DBA718E006B9F6E /* Main.storyboard */,
				923AED851DBA718E006B9F6E /* Assets.xcassets */,
				923AED871DBA718E006B9F6E /* LaunchScreen.storyboard */,
				923AED8A1DBA718E006B9F6E /* Info.plist */,
			);
			path = MySwiftProject;
			sourceTree = "<group>";
		};
		923AED921DBA718E006B9F6E /* MySwiftProjectTests */ = {
			isa = PBXGroup;
			children = (
				923AED931DBA718E006B9F6E /* MySwiftProjectTests.swift */,
				923AED951DBA718E006B9F6E /* Info.plist */,
			);
			path = MySwiftProjectTests;
			sourceTree = "<group>";
		};
		923AED9D1DBA718F006B9F6E /* MySwiftProjectUITests */ = {
			isa = PBXGroup;
			children = (
				923AED9E1DBA718F006B9F6E /* MySwiftProjectUITests.swift */,
				923AEDA01DBA718F006B9F6E /* Info.plist */,
			);
			path = MySwiftProjectUITests;
			sourceTree = "<group>";
		};
/* End PBXGroup section */

/* Begin PBXNativeTarget section */
		923AED7A1DBA718E006B9F6E /* MySwiftProject */ = {
			isa = PBXNativeTarget;
			buildConfigurationList = 923AEDA31DBA718F006B9F6E /* Build configuration list for PBXNativeTarget "MySwiftProject" */;
			buildPhases = (
				923AED771DBA718E006B9F6E /* Sources */,
				923AED781DBA718E006B9F6E /* Frameworks */,
				923AED791DBA718E006B9F6E /* Resources */,
			);
			buildRules = (
			);
			dependencies = (
			);
			name = MySwiftProject;
			productName = MySwiftProject;
			productReference = 923AED7B1DBA718E006B9F6E /* MySwiftProject.app */;
			productType = "com.apple.product-type.application";
		};
		923AED8E1DBA718E006B9F6E /* MySwiftProjectTests */ = {
			isa = PBXNativeTarget;
			buildConfigurationList = 923AEDA61DBA718F006B9F6E /* Build configuration list for PBXNativeTarget "MySwiftProjectTests" */;
			buildPhases = (
				923AED8B1DBA718E006B9F6E /* Sources */,
				923AED8C1DBA718E006B9F6E /* Frameworks */,
				923AED8D1DBA718E006B9F6E /* Resources */,
			);
			buildRules = (
			);
			dependencies = (
				923AED911DBA718E006B9F6E /* PBXTargetDependency */,
			);
			name = MySwiftProjectTests;
			productName = MySwiftProjectTests;
			productReference = 923AED8F1DBA718E006B9F6E /* MySwiftProjectTests.xctest */;
			productType = "com.apple.product-type.bundle.unit-test";
		};
		923AED991DBA718F006B9F6E /* MySwiftProjectUITests */ = {
			isa = PBXNativeTarget;
			buildConfigurationList = 923AEDA91DBA718F006B9F6E /* Build configuration list for PBXNativeTarget "MySwiftProjectUITests" */;
			buildPhases = (
				923AED961DBA718F006B9F6E /* Sources */,
				923AED971DBA718F006B9F6E /* Frameworks */,
				923AED981DBA718F006B9F6E /* Resources */,
			);
			buildRules = (
			);
			dependencies = (
				923AED9C1DBA718F006B9F6E /* PBXTargetDependency */,
			);
			name = MySwiftProjectUITests;
			productName = MySwiftProjectUITests;
			productReference = 923AED9A1DBA718F006B9F6E /* MySwiftProjectUITests.xctest */;
			productType = "com.apple.product-type.bundle.ui-testing";
		};
/* End PBXNativeTarget section */

/* Begin PBXProject section */
		923AED731DBA718E006B9F6E /* Project object */ = {
			isa = PBXProject;
			attributes = {
				LastSwiftUpdateCheck = 0800;
				LastUpgradeCheck = 0800;
				ORGANIZATIONNAME = qiuhaodong_macmini;
				TargetAttributes = {
					923AED7A1DBA718E006B9F6E = {
						CreatedOnToolsVersion = 8.0;
						DevelopmentTeam = 45L2BJS8P9;
						ProvisioningStyle = Automatic;
					};
					923AED8E1DBA718E006B9F6E = {
						CreatedOnToolsVersion = 8.0;
						ProvisioningStyle = Automatic;
						TestTargetID = 923AED7A1DBA718E006B9F6E;
					};
					923AED991DBA718F006B9F6E = {
						CreatedOnToolsVersion = 8.0;
						ProvisioningStyle = Automatic;
						TestTargetID = 923AED7A1DBA718E006B9F6E;
					};
				};
			};
			buildConfigurationList = 923AED761DBA718E006B9F6E /* Build configuration list for PBXProject "MySwiftProject" */;
			compatibilityVersion = "Xcode 3.2";
			developmentRegion = English;
			hasScannedForEncodings = 0;
			knownRegions = (
				en,
				Base,
			);
			mainGroup = 923AED721DBA718E006B9F6E;
			productRefGroup = 923AED7C1DBA718E006B9F6E /* Products */;
			projectDirPath = "";
			projectRoot = "";
			targets = (
				923AED7A1DBA718E006B9F6E /* MySwiftProject */,
				923AED8E1DBA718E006B9F6E /* MySwiftProjectTests */,
				923AED991DBA718F006B9F6E /* MySwiftProjectUITests */,
			);
		};
/* End PBXProject section */

/* Begin PBXResourcesBuildPhase section */
		923AED791DBA718E006B9F6E /* Resources */ = {
			isa = PBXResourcesBuildPhase;
			buildActionMask = 2147483647;
			files = (
				923AED891DBA718E006B9F6E /* LaunchScreen.storyboard in Resources */,
				923AED861DBA718E006B9F6E /* Assets.xcassets in Resources */,
				923AED841DBA718E006B9F6E /* Main.storyboard in Resources */,
			);
			runOnlyForDeploymentPostprocessing = 0;
		};
		923AED8D1DBA718E006B9F6E /* Resources */ = {
			isa = PBXResourcesBuildPhase;
			buildActionMask = 2147483647;
			files = (
			);
			runOnlyForDeploymentPostprocessing = 0;
		};
		923AED981DBA718F006B9F6E /* Resources */ = {
			isa = PBXResourcesBuildPhase;
			buildActionMask = 2147483647;
			files = (
			);
			runOnlyForDeploymentPostprocessing = 0;
		};
/* End PBXResourcesBuildPhase section */

/* Begin PBXSourcesBuildPhase section */
		923AED771DBA718E006B9F6E /* Sources */ = {
			isa = PBXSourcesBuildPhase;
			buildActionMask = 2147483647;
			files = (
				923AED811DBA718E006B9F6E /* ViewController.swift in Sources */,
				923AED7F1DBA718E006B9F6E /* AppDelegate.swift in Sources */,
			);
			runOnlyForDeploymentPostprocessing = 0;
		};
		923AED8B1DBA718E006B9F6E /* Sources */ = {
			isa = PBXSourcesBuildPhase;
			buildActionMask = 2147483647;
			files = (
				923AED941DBA718E006B9F6E /* MySwiftProjectTests.swift in Sources */,
			);
			runOnlyForDeploymentPostprocessing = 0;
		};
		923AED961DBA718F006B9F6E /* Sources */ = {
			isa = PBXSourcesBuildPhase;
			buildActionMask = 2147483647;
			files = (
				923AED9F1DBA718F006B9F6E /* MySwiftProjectUITests.swift in Sources */,
			);
			runOnlyForDeploymentPostprocessing = 0;
		};
/* End PBXSourcesBuildPhase section */

/* Begin PBXTargetDependency section */
		923AED911DBA718E006B9F6E /* PBXTargetDependency */ = {
			isa = PBXTargetDependency;
			target = 923AED7A1DBA718E006B9F6E /* MySwiftProject */;
			targetProxy = 923AED901DBA718E006B9F6E /* PBXContainerItemProxy */;
		};
		923AED9C1DBA718F006B9F6E /* PBXTargetDependency */ = {
			isa = PBXTargetDependency;
			target = 923AED7A1DBA718E006B9F6E /* MySwiftProject */;
			targetProxy = 923AED9B1DBA718F006B9F6E /* PBXContainerItemProxy */;
		};
/* End PBXTargetDependency section */

/* Begin PBXVariantGroup section */
		923AED821DBA718E006B9F6E /* Main.storyboard */ = {
			isa = PBXVariantGroup;
			children = (
				923AED831DBA718E006B9F6E /* Base */,
			);
			name = Main.storyboard;
			sourceTree = "<group>";
		};
		923AED871DBA718E006B9F6E /* LaunchScreen.storyboard */ = {
			isa = PBXVariantGroup;
			children = (
				923AED881DBA718E006B9F6E /* Base */,
			);
			name = LaunchScreen.storyboard;
			sourceTree = "<group>";
		};
/* End PBXVariantGroup section */

/* Begin XCBuildConfiguration section */
		923AEDA11DBA718F006B9F6E /* Debug */ = {
			isa = XCBuildConfiguration;
			buildSettings = {
				ALWAYS_SEARCH_USER_PATHS = NO;
				CLANG_ANALYZER_NONNULL = YES;
				CLANG_CXX_LANGUAGE_STANDARD = "gnu++0x";
				CLANG_CXX_LIBRARY = "libc++";
				CLANG_ENABLE_MODULES = YES;
				CLANG_ENABLE_OBJC_ARC = YES;
				CLANG_WARN_BOOL_CONVERSION = YES;
				CLANG_WARN_CONSTANT_CONVERSION = YES;
				CLANG_WARN_DIRECT_OBJC_ISA_USAGE = YES_ERROR;
				CLANG_WARN_DOCUMENTATION_COMMENTS = YES;
				CLANG_WARN_EMPTY_BODY = YES;
				CLANG_WARN_ENUM_CONVERSION = YES;
				CLANG_WARN_INFINITE_RECURSION = YES;
				CLANG_WARN_INT_CONVERSION = YES;
				CLANG_WARN_OBJC_ROOT_CLASS = YES_ERROR;
				CLANG_WARN_SUSPICIOUS_MOVES = YES;
				CLANG_WARN_UNREACHABLE_CODE = YES;
				CLANG_WARN__DUPLICATE_METHOD_MATCH = YES;
				"CODE_SIGN_IDENTITY[sdk=iphoneos*]" = "iPhone Developer";
				COPY_PHASE_STRIP = NO;
				DEBUG_INFORMATION_FORMAT = dwarf;
				ENABLE_STRICT_OBJC_MSGSEND = YES;
				ENABLE_TESTABILITY = YES;
				GCC_C_LANGUAGE_STANDARD = gnu99;
				GCC_DYNAMIC_NO_PIC = NO;
				GCC_NO_COMMON_BLOCKS = YES;
				GCC_OPTIMIZATION_LEVEL = 0;
				GCC_PREPROCESSOR_DEFINITIONS = (
					"DEBUG=1",
					"$(inherited)",
				);
				GCC_WARN_64_TO_32_BIT_CONVERSION = YES;
				GCC_WARN_ABOUT_RETURN_TYPE = YES_ERROR;
				GCC_WARN_UNDECLARED_SELECTOR = YES;
				GCC_WARN_UNINITIALIZED_AUTOS = YES_AGGRESSIVE;
				GCC_WARN_UNUSED_FUNCTION = YES;
				GCC_WARN_UNUSED_VARIABLE = YES;
				IPHONEOS_DEPLOYMENT_TARGET = 10.0;
				MTL_ENABLE_DEBUG_INFO = YES;
				ONLY_ACTIVE_ARCH = YES;
				SDKROOT = iphoneos;
				SWIFT_ACTIVE_COMPILATION_CONDITIONS = DEBUG;
				SWIFT_OPTIMIZATION_LEVEL = "-Onone";
			};
			name = Debug;
		};
		923AEDA21DBA718F006B9F6E /* Release */ = {
			isa = XCBuildConfiguration;
			buildSettings = {
				ALWAYS_SEARCH_USER_PATHS = NO;
				CLANG_ANALYZER_NONNULL = YES;
				CLANG_CXX_LANGUAGE_STANDARD = "gnu++0x";
				CLANG_CXX_LIBRARY = "libc++";
				CLANG_ENABLE_MODULES = YES;
				CLANG_ENABLE_OBJC_ARC = YES;
				CLANG_WARN_BOOL_CONVERSION = YES;
				CLANG_WARN_CONSTANT_CONVERSION = YES;
				CLANG_WARN_DIRECT_OBJC_ISA_USAGE = YES_ERROR;
				CLANG_WARN_DOCUMENTATION_COMMENTS = YES;
				CLANG_WARN_EMPTY_BODY = YES;
				CLANG_WARN_ENUM_CONVERSION = YES;
				CLANG_WARN_INFINITE_RECURSION = YES;
				CLANG_WARN_INT_CONVERSION = YES;
				CLANG_WARN_OBJC_ROOT_CLASS = YES_ERROR;
				CLANG_WARN_SUSPICIOUS_MOVES = YES;
				CLANG_WARN_UNREACHABLE_CODE = YES;
				CLANG_WARN__DUPLICATE_METHOD_MATCH = YES;
				"CODE_SIGN_IDENTITY[sdk=iphoneos*]" = "iPhone Developer";
				COPY_PHASE_STRIP = NO;
				DEBUG_INFORMATION_FORMAT = "dwarf-with-dsym";
				ENABLE_NS_ASSERTIONS = NO;
				ENABLE_STRICT_OBJC_MSGSEND = YES;
				GCC_C_LANGUAGE_STANDARD = gnu99;
				GCC_NO_COMMON_BLOCKS = YES;
				GCC_WARN_64_TO_32_BIT_CONVERSION = YES;
				GCC_WARN_ABOUT_RETURN_TYPE = YES_ERROR;
				GCC_WARN_UNDECLARED_SELECTOR = YES;
				GCC_WARN_UNINITIALIZED_AUTOS = YES_AGGRESSIVE;
				GCC_WARN_UNUSED_FUNCTION = YES;
				GCC_WARN_UNUSED_VARIABLE = YES;
				IPHONEOS_DEPLOYMENT_TARGET = 10.0;
				MTL_ENABLE_DEBUG_INFO = NO;
				SDKROOT = iphoneos;
				SWIFT_OPTIMIZATION_LEVEL = "-Owholemodule";
				VALIDATE_PRODUCT = YES;
			};
			name = Release;
		};
		923AEDA41DBA718F006B9F6E /* Debug */ = {
			isa = XCBuildConfiguration;
			buildSettings = {
				ASSETCATALOG_COMPILER_APPICON_NAME = AppIcon;
				DEVELOPMENT_TEAM = 45L2BJS8P9;
				INFOPLIST_FILE = MySwiftProject/Info.plist;
				LD_RUNPATH_SEARCH_PATHS = "$(inherited) @executable_path/Frameworks";
				PRODUCT_BUNDLE_IDENTIFIER = xiaoyangyang.MySwiftProject;
				PRODUCT_NAME = "$(TARGET_NAME)";
				SWIFT_VERSION = 3.0;
			};
			name = Debug;
		};
		923AEDA51DBA718F006B9F6E /* Release */ = {
			isa = XCBuildConfiguration;
			buildSettings = {
				ASSETCATALOG_COMPILER_APPICON_NAME = AppIcon;
				DEVELOPMENT_TEAM = 45L2BJS8P9;
				INFOPLIST_FILE = MySwiftProject/Info.plist;
				LD_RUNPATH_SEARCH_PATHS = "$(inherited) @executable_path/Frameworks";
				PRODUCT_BUNDLE_IDENTIFIER = xiaoyangyang.MySwiftProject;
				PRODUCT_NAME = "$(TARGET_NAME)";
				SWIFT_VERSION = 3.0;
			};
			name = Release;
		};
		923AEDA71DBA718F006B9F6E /* Debug */ = {
			isa = XCBuildConfiguration;
			buildSettings = {
				ALWAYS_EMBED_SWIFT_STANDARD_LIBRARIES = YES;
				BUNDLE_LOADER = "$(TEST_HOST)";
				INFOPLIST_FILE = MySwiftProjectTests/Info.plist;
				LD_RUNPATH_SEARCH_PATHS = "$(inherited) @executable_path/Frameworks @loader_path/Frameworks";
				PRODUCT_BUNDLE_IDENTIFIER = xiaoyangyang.MySwiftProjectTests;
				PRODUCT_NAME = "$(TARGET_NAME)";
				SWIFT_VERSION = 3.0;
				TEST_HOST = "$(BUILT_PRODUCTS_DIR)/MySwiftProject.app/MySwiftProject";
			};
			name = Debug;
		};
		923AEDA81DBA718F006B9F6E /* Release */ = {
			isa = XCBuildConfiguration;
			buildSettings = {
				ALWAYS_EMBED_SWIFT_STANDARD_LIBRARIES = YES;
				BUNDLE_LOADER = "$(TEST_HOST)";
				INFOPLIST_FILE = MySwiftProjectTests/Info.plist;
				LD_RUNPATH_SEARCH_PATHS = "$(inherited) @executable_path/Frameworks @loader_path/Frameworks";
				PRODUCT_BUNDLE_IDENTIFIER = xiaoyangyang.MySwiftProjectTests;
				PRODUCT_NAME = "$(TARGET_NAME)";
				SWIFT_VERSION = 3.0;
				TEST_HOST = "$(BUILT_PRODUCTS_DIR)/MySwiftProject.app/MySwiftProject";
			};
			name = Release;
		};
		923AEDAA1DBA718F006B9F6E /* Debug */ = {
			isa = XCBuildConfiguration;
			buildSettings = {
				ALWAYS_EMBED_SWIFT_STANDARD_LIBRARIES = YES;
				INFOPLIST_FILE = MySwiftProjectUITests/Info.plist;
				LD_RUNPATH_SEARCH_PATHS = "$(inherited) @executable_path/Frameworks @loader_path/Frameworks";
				PRODUCT_BUNDLE_IDENTIFIER = xiaoyangyang.MySwiftProjectUITests;
				PRODUCT_NAME = "$(TARGET_NAME)";
				SWIFT_VERSION = 3.0;
				TEST_TARGET_NAME = MySwiftProject;
			};
			name = Debug;
		};
		923AEDAB1DBA718F006B9F6E /* Release */ = {
			isa = XCBuildConfiguration;
			buildSettings = {
				ALWAYS_EMBED_SWIFT_STANDARD_LIBRARIES = YES;
				INFOPLIST_FILE = MySwiftProjectUITests/Info.plist;
				LD_RUNPATH_SEARCH_PATHS = "$(inherited) @executable_path/Frameworks @loader_path/Frameworks";
				PRODUCT_BUNDLE_IDENTIFIER = xiaoyangyang.MySwiftProjectUITests;
				PRODUCT_NAME = "$(TARGET_NAME)";
				SWIFT_VERSION = 3.0;
				TEST_TARGET_NAME = MySwiftProject;
			};
			name = Release;
		};
/* End XCBuildConfiguration section */

/* Begin XCConfigurationList section */
		923AED761DBA718E006B9F6E /* Build configuration list for PBXProject "MySwiftProject" */ = {
			isa = XCConfigurationList;
			buildConfigurations = (
				923AEDA11DBA718F006B9F6E /* Debug */,
				923AEDA21DBA718F006B9F6E /* Release */,
			);
			defaultConfigurationIsVisible = 0;
			defaultConfigurationName = Release;
		};
		923AEDA31DBA718F006B9F6E /* Build configuration list for PBXNativeTarget "MySwiftProject" */ = {
			isa = XCConfigurationList;
			buildConfigurations = (
				923AEDA41DBA718F006B9F6E /* Debug */,
				923AEDA51DBA718F006B9F6E /* Release */,
			);
			defaultConfigurationIsVisible = 0;
			defaultConfigurationName = Release;
		};
		923AEDA61DBA718F006B9F6E /* Build configuration list for PBXNativeTarget "MySwiftProjectTests" */ = {
			isa = XCConfigurationList;
			buildConfigurations = (
				923AEDA71DBA718F006B9F6E /* Debug */,
				923AEDA81DBA718F006B9F6E /* Release */,
			);
			defaultConfigurationIsVisible = 0;
			defaultConfigurationName = Release;
		};
		923AEDA91DBA718F006B9F6E /* Build configuration list for PBXNativeTarget "MySwiftProjectUITests" */ = {
			isa = XCConfigurationList;
			buildConfigurations = (
				923AEDAA1DBA718F006B9F6E /* Debug */,
				923AEDAB1DBA718F006B9F6E /* Release */,
			);
			defaultConfigurationIsVisible = 0;
			defaultConfigurationName = Release;
		};
/* End XCConfigurationList section */
	};
	rootObject = 923AED731DBA718E006B9F6E /* Project object */;
}
